
Microsoft Visual Studio Solution File, Format Version 12.00
# Visual Studio 15
VisualStudioVersion = 15.0.33529.398
MinimumVisualStudioVersion = 10.0.40219.1
Project("{FAE04EC0-301F-11D3-BF4B-00C04F79EFBC}") = "WindowsFormsApp1", "WindowsFormsApp1\WindowsFormsApp1.csproj", "{1D41B4BE-E138-42A7-8B19-02CBC9F49DB0}"
EndProject
Global
	GlobalSection(SolutionConfigurationPlatforms) = preSolution
		Debug|Any CPU = Debug|Any CPU
		Release|Any CPU = Release|Any CPU
	EndGlobalSection
	GlobalSection(ProjectConfigurationPlatforms) = postSolution
		{1D41B4BE-E138-42A7-8B19-02CBC9F49DB0}.Debug|Any CPU.ActiveCfg = Debug|Any CPU
		{1D41B4BE-E138-42A7-8B19-02CBC9F49DB0}.Debug|Any CPU.Build.0 = Debug|Any CPU
		{1D41B4BE-E138-42A7-8B19-02CBC9F49DB0}.Release|Any CPU.ActiveCfg = Release|Any CPU
		{1D41B4BE-E138-42A7-8B19-02CBC9F49DB0}.Release|Any CPU.Build.0 = Release|Any CPU
	EndGlobalSection
	GlobalSection(SolutionProperties) = preSolution
		HideSolutionNode = FALSE
	EndGlobalSection
	GlobalSection(ExtensibilityGlobals) = postSolution
		SolutionGuid = {9BB7AF1C-FC48-4F50-AA46-1D6DD14D4EFB}
	EndGlobalSection
EndGlobal
